// !$*UTF8*$!
{
	archiveVersion = 1;
	classes = {
	};
	objectVersion = 55;
	objects = {

/* Begin PBXBuildFile section */
		37E580F73CAD7B5E00DA1EBC /* Pods_Apple_Stocks.framework in Frameworks */ = {isa = PBXBuildFile; fileRef = 54E9EE18DF0FDCBF21C5F4CF /* Pods_Apple_Stocks.framework */; };
		DCADC90A288554BB00C496DD /* AppDelegate.swift in Sources */ = {isa = PBXBuildFile; fileRef = DCADC909288554BB00C496DD /* AppDelegate.swift */; };
		DCADC90C288554BB00C496DD /* SceneDelegate.swift in Sources */ = {isa = PBXBuildFile; fileRef = DCADC90B288554BB00C496DD /* SceneDelegate.swift */; };
		DCADC90E288554BB00C496DD /* WatchListViewController.swift in Sources */ = {isa = PBXBuildFile; fileRef = DCADC90D288554BB00C496DD /* WatchListViewController.swift */; };
		DCADC913288554BF00C496DD /* Assets.xcassets in Resources */ = {isa = PBXBuildFile; fileRef = DCADC912288554BF00C496DD /* Assets.xcassets */; };
		DCADC916288554BF00C496DD /* LaunchScreen.storyboard in Resources */ = {isa = PBXBuildFile; fileRef = DCADC914288554BF00C496DD /* LaunchScreen.storyboard */; };
		DCADC9242885559D00C496DD /* TopStoriesNewsViewController.swift in Sources */ = {isa = PBXBuildFile; fileRef = DCADC9232885559D00C496DD /* TopStoriesNewsViewController.swift */; };
		DCADC926288555B300C496DD /* StockDetailsViewController.swift in Sources */ = {isa = PBXBuildFile; fileRef = DCADC925288555B300C496DD /* StockDetailsViewController.swift */; };
		DCADC928288555C800C496DD /* SearchResultsViewController.swift in Sources */ = {isa = PBXBuildFile; fileRef = DCADC927288555C800C496DD /* SearchResultsViewController.swift */; };
		DCADC92A2885619300C496DD /* APICaller.swift in Sources */ = {isa = PBXBuildFile; fileRef = DCADC9292885619300C496DD /* APICaller.swift */; };
		DCADC92C2885619F00C496DD /* PersistanceManager.swift in Sources */ = {isa = PBXBuildFile; fileRef = DCADC92B2885619F00C496DD /* PersistanceManager.swift */; };
		DCADC92E288561AE00C496DD /* HapticsManager.swift in Sources */ = {isa = PBXBuildFile; fileRef = DCADC92D288561AE00C496DD /* HapticsManager.swift */; };
		DCADC9302886BA5800C496DD /* Extension.swift in Sources */ = {isa = PBXBuildFile; fileRef = DCADC92F2886BA5800C496DD /* Extension.swift */; };
		DCADC9322886C38300C496DD /* SearchResultsTableViewCell.swift in Sources */ = {isa = PBXBuildFile; fileRef = DCADC9312886C38300C496DD /* SearchResultsTableViewCell.swift */; };
		DCADC93428881DA400C496DD /* SearchResponse.swift in Sources */ = {isa = PBXBuildFile; fileRef = DCADC93328881DA400C496DD /* SearchResponse.swift */; };
/* End PBXBuildFile section */

/* Begin PBXFileReference section */
		54E9EE18DF0FDCBF21C5F4CF /* Pods_Apple_Stocks.framework */ = {isa = PBXFileReference; explicitFileType = wrapper.framework; includeInIndex = 0; path = Pods_Apple_Stocks.framework; sourceTree = BUILT_PRODUCTS_DIR; };
		A12DBE1C1FB8D50313A886AB /* Pods-Apple Stocks.debug.xcconfig */ = {isa = PBXFileReference; includeInIndex = 1; lastKnownFileType = text.xcconfig; name = "Pods-Apple Stocks.debug.xcconfig"; path = "Target Support Files/Pods-Apple Stocks/Pods-Apple Stocks.debug.xcconfig"; sourceTree = "<group>"; };
		C05A884E10108BD0AB793EB9 /* Pods-Apple Stocks.release.xcconfig */ = {isa = PBXFileReference; includeInIndex = 1; lastKnownFileType = text.xcconfig; name = "Pods-Apple Stocks.release.xcconfig"; path = "Target Support Files/Pods-Apple Stocks/Pods-Apple Stocks.release.xcconfig"; sourceTree = "<group>"; };
		DCADC906288554BB00C496DD /* Apple Stocks.app */ = {isa = PBXFileReference; explicitFileType = wrapper.application; includeInIndex = 0; path = "Apple Stocks.app"; sourceTree = BUILT_PRODUCTS_DIR; };
		DCADC909288554BB00C496DD /* AppDelegate.swift */ = {isa = PBXFileReference; lastKnownFileType = sourcecode.swift; path = AppDelegate.swift; sourceTree = "<group>"; };
		DCADC90B288554BB00C496DD /* SceneDelegate.swift */ = {isa = PBXFileReference; lastKnownFileType = sourcecode.swift; path = SceneDelegate.swift; sourceTree = "<group>"; };
		DCADC90D288554BB00C496DD /* WatchListViewController.swift */ = {isa = PBXFileReference; lastKnownFileType = sourcecode.swift; path = WatchListViewController.swift; sourceTree = "<group>"; };
		DCADC912288554BF00C496DD /* Assets.xcassets */ = {isa = PBXFileReference; lastKnownFileType = folder.assetcatalog; path = Assets.xcassets; sourceTree = "<group>"; };
		DCADC915288554BF00C496DD /* Base */ = {isa = PBXFileReference; lastKnownFileType = file.storyboard; name = Base; path = Base.lproj/LaunchScreen.storyboard; sourceTree = "<group>"; };
		DCADC917288554BF00C496DD /* Info.plist */ = {isa = PBXFileReference; lastKnownFileType = text.plist.xml; path = Info.plist; sourceTree = "<group>"; };
		DCADC9232885559D00C496DD /* TopStoriesNewsViewController.swift */ = {isa = PBXFileReference; lastKnownFileType = sourcecode.swift; path = TopStoriesNewsViewController.swift; sourceTree = "<group>"; };
		DCADC925288555B300C496DD /* StockDetailsViewController.swift */ = {isa = PBXFileReference; lastKnownFileType = sourcecode.swift; path = StockDetailsViewController.swift; sourceTree = "<group>"; };
		DCADC927288555C800C496DD /* SearchResultsViewController.swift */ = {isa = PBXFileReference; lastKnownFileType = sourcecode.swift; path = SearchResultsViewController.swift; sourceTree = "<group>"; };
		DCADC9292885619300C496DD /* APICaller.swift */ = {isa = PBXFileReference; lastKnownFileType = sourcecode.swift; path = APICaller.swift; sourceTree = "<group>"; };
		DCADC92B2885619F00C496DD /* PersistanceManager.swift */ = {isa = PBXFileReference; lastKnownFileType = sourcecode.swift; path = PersistanceManager.swift; sourceTree = "<group>"; };
		DCADC92D288561AE00C496DD /* HapticsManager.swift */ = {isa = PBXFileReference; lastKnownFileType = sourcecode.swift; path = HapticsManager.swift; sourceTree = "<group>"; };
		DCADC92F2886BA5800C496DD /* Extension.swift */ = {isa = PBXFileReference; lastKnownFileType = sourcecode.swift; path = Extension.swift; sourceTree = "<group>"; };
		DCADC9312886C38300C496DD /* SearchResultsTableViewCell.swift */ = {isa = PBXFileReference; lastKnownFileType = sourcecode.swift; path = SearchResultsTableViewCell.swift; sourceTree = "<group>"; };
		DCADC93328881DA400C496DD /* SearchResponse.swift */ = {isa = PBXFileReference; lastKnownFileType = sourcecode.swift; path = SearchResponse.swift; sourceTree = "<group>"; };
/* End PBXFileReference section */

/* Begin PBXFrameworksBuildPhase section */
		DCADC903288554BB00C496DD /* Frameworks */ = {
			isa = PBXFrameworksBuildPhase;
			buildActionMask = 2147483647;
			files = (
				37E580F73CAD7B5E00DA1EBC /* Pods_Apple_Stocks.framework in Frameworks */,
			);
			runOnlyForDeploymentPostprocessing = 0;
		};
/* End PBXFrameworksBuildPhase section */

/* Begin PBXGroup section */
		39C3AC8AECF7D1938EEE7884 /* Pods */ = {
			isa = PBXGroup;
			children = (
				A12DBE1C1FB8D50313A886AB /* Pods-Apple Stocks.debug.xcconfig */,
				C05A884E10108BD0AB793EB9 /* Pods-Apple Stocks.release.xcconfig */,
			);
			name = Pods;
			path = Pods;
			sourceTree = "<group>";
		};
		AEBBF8AFB2B8E7A3ADC514E3 /* Frameworks */ = {
			isa = PBXGroup;
			children = (
				54E9EE18DF0FDCBF21C5F4CF /* Pods_Apple_Stocks.framework */,
			);
			name = Frameworks;
			sourceTree = "<group>";
		};
		DCADC8FD288554BB00C496DD = {
			isa = PBXGroup;
			children = (
				DCADC908288554BB00C496DD /* Apple Stocks */,
				DCADC907288554BB00C496DD /* Products */,
				39C3AC8AECF7D1938EEE7884 /* Pods */,
				AEBBF8AFB2B8E7A3ADC514E3 /* Frameworks */,
			);
			sourceTree = "<group>";
		};
		DCADC907288554BB00C496DD /* Products */ = {
			isa = PBXGroup;
			children = (
				DCADC906288554BB00C496DD /* Apple Stocks.app */,
			);
			name = Products;
			sourceTree = "<group>";
		};
		DCADC908288554BB00C496DD /* Apple Stocks */ = {
			isa = PBXGroup;
			children = (
				DCADC9212885550900C496DD /* Other */,
				DCADC9202885550200C496DD /* Managers */,
				DCADC91F288554EF00C496DD /* Controllers */,
				DCADC91E288554E800C496DD /* Views */,
				DCADC91D288554DF00C496DD /* Models */,
				DCADC917288554BF00C496DD /* Info.plist */,
			);
			path = "Apple Stocks";
			sourceTree = "<group>";
		};
		DCADC91D288554DF00C496DD /* Models */ = {
			isa = PBXGroup;
			children = (
				DCADC93328881DA400C496DD /* SearchResponse.swift */,
			);
			path = Models;
			sourceTree = "<group>";
		};
		DCADC91E288554E800C496DD /* Views */ = {
			isa = PBXGroup;
			children = (
				DCADC914288554BF00C496DD /* LaunchScreen.storyboard */,
				DCADC9312886C38300C496DD /* SearchResultsTableViewCell.swift */,
			);
			path = Views;
			sourceTree = "<group>";
		};
		DCADC91F288554EF00C496DD /* Controllers */ = {
			isa = PBXGroup;
			children = (
				DCADC90D288554BB00C496DD /* WatchListViewController.swift */,
				DCADC9232885559D00C496DD /* TopStoriesNewsViewController.swift */,
				DCADC925288555B300C496DD /* StockDetailsViewController.swift */,
				DCADC927288555C800C496DD /* SearchResultsViewController.swift */,
			);
			path = Controllers;
			sourceTree = "<group>";
		};
		DCADC9202885550200C496DD /* Managers */ = {
			isa = PBXGroup;
			children = (
				DCADC9292885619300C496DD /* APICaller.swift */,
				DCADC92B2885619F00C496DD /* PersistanceManager.swift */,
				DCADC92D288561AE00C496DD /* HapticsManager.swift */,
			);
			path = Managers;
			sourceTree = "<group>";
		};
		DCADC9212885550900C496DD /* Other */ = {
			isa = PBXGroup;
			children = (
				DCADC912288554BF00C496DD /* Assets.xcassets */,
				DCADC909288554BB00C496DD /* AppDelegate.swift */,
				DCADC90B288554BB00C496DD /* SceneDelegate.swift */,
				DCADC92F2886BA5800C496DD /* Extension.swift */,
			);
			path = Other;
			sourceTree = "<group>";
		};
/* End PBXGroup section */

/* Begin PBXNativeTarget section */
		DCADC905288554BB00C496DD /* Apple Stocks */ = {
			isa = PBXNativeTarget;
			buildConfigurationList = DCADC91A288554BF00C496DD /* Build configuration list for PBXNativeTarget "Apple Stocks" */;
			buildPhases = (
				67ED549DFB2D50D64B61F07E /* [CP] Check Pods Manifest.lock */,
				DCADC902288554BB00C496DD /* Sources */,
				DCADC903288554BB00C496DD /* Frameworks */,
				DCADC904288554BB00C496DD /* Resources */,
				B55AABA427FAB1BE0BDA61B0 /* [CP] Embed Pods Frameworks */,
			);
			buildRules = (
			);
			dependencies = (
			);
			name = "Apple Stocks";
			productName = "Apple Stocks";
			productReference = DCADC906288554BB00C496DD /* Apple Stocks.app */;
			productType = "com.apple.product-type.application";
		};
/* End PBXNativeTarget section */

/* Begin PBXProject section */
		DCADC8FE288554BB00C496DD /* Project object */ = {
			isa = PBXProject;
			attributes = {
				BuildIndependentTargetsInParallel = 1;
				LastSwiftUpdateCheck = 1320;
				LastUpgradeCheck = 1320;
				TargetAttributes = {
					DCADC905288554BB00C496DD = {
						CreatedOnToolsVersion = 13.2.1;
					};
				};
			};
			buildConfigurationList = DCADC901288554BB00C496DD /* Build configuration list for PBXProject "Apple Stocks" */;
			compatibilityVersion = "Xcode 13.0";
			developmentRegion = en;
			hasScannedForEncodings = 0;
			knownRegions = (
				en,
				Base,
			);
			mainGroup = DCADC8FD288554BB00C496DD;
			productRefGroup = DCADC907288554BB00C496DD /* Products */;
			projectDirPath = "";
			projectRoot = "";
			targets = (
				DCADC905288554BB00C496DD /* Apple Stocks */,
			);
		};
/* End PBXProject section */

/* Begin PBXResourcesBuildPhase section */
		DCADC904288554BB00C496DD /* Resources */ = {
			isa = PBXResourcesBuildPhase;
			buildActionMask = 2147483647;
			files = (
				DCADC916288554BF00C496DD /* LaunchScreen.storyboard in Resources */,
				DCADC913288554BF00C496DD /* Assets.xcassets in Resources */,
			);
			runOnlyForDeploymentPostprocessing = 0;
		};
/* End PBXResourcesBuildPhase section */

/* Begin PBXShellScriptBuildPhase section */
		67ED549DFB2D50D64B61F07E /* [CP] Check Pods Manifest.lock */ = {
			isa = PBXShellScriptBuildPhase;
			buildActionMask = 2147483647;
			files = (
			);
			inputFileListPaths = (
			);
			inputPaths = (
				"${PODS_PODFILE_DIR_PATH}/Podfile.lock",
				"${PODS_ROOT}/Manifest.lock",
			);
			name = "[CP] Check Pods Manifest.lock";
			outputFileListPaths = (
			);
			outputPaths = (
				"$(DERIVED_FILE_DIR)/Pods-Apple Stocks-checkManifestLockResult.txt",
			);
			runOnlyForDeploymentPostprocessing = 0;
			shellPath = /bin/sh;
			shellScript = "diff \"${PODS_PODFILE_DIR_PATH}/Podfile.lock\" \"${PODS_ROOT}/Manifest.lock\" > /dev/null\nif [ $? != 0 ] ; then\n    # print error to STDERR\n    echo \"error: The sandbox is not in sync with the Podfile.lock. Run 'pod install' or update your CocoaPods installation.\" >&2\n    exit 1\nfi\n# This output is used by Xcode 'outputs' to avoid re-running this script phase.\necho \"SUCCESS\" > \"${SCRIPT_OUTPUT_FILE_0}\"\n";
			showEnvVarsInLog = 0;
		};
		B55AABA427FAB1BE0BDA61B0 /* [CP] Embed Pods Frameworks */ = {
			isa = PBXShellScriptBuildPhase;
			buildActionMask = 2147483647;
			files = (
			);
			inputFileListPaths = (
				"${PODS_ROOT}/Target Support Files/Pods-Apple Stocks/Pods-Apple Stocks-frameworks-${CONFIGURATION}-input-files.xcfilelist",
			);
			name = "[CP] Embed Pods Frameworks";
			outputFileListPaths = (
				"${PODS_ROOT}/Target Support Files/Pods-Apple Stocks/Pods-Apple Stocks-frameworks-${CONFIGURATION}-output-files.xcfilelist",
			);
			runOnlyForDeploymentPostprocessing = 0;
			shellPath = /bin/sh;
			shellScript = "\"${PODS_ROOT}/Target Support Files/Pods-Apple Stocks/Pods-Apple Stocks-frameworks.sh\"\n";
			showEnvVarsInLog = 0;
		};
/* End PBXShellScriptBuildPhase section */

/* Begin PBXSourcesBuildPhase section */
		DCADC902288554BB00C496DD /* Sources */ = {
			isa = PBXSourcesBuildPhase;
			buildActionMask = 2147483647;
			files = (
				DCADC9322886C38300C496DD /* SearchResultsTableViewCell.swift in Sources */,
				DCADC92E288561AE00C496DD /* HapticsManager.swift in Sources */,
				DCADC90E288554BB00C496DD /* WatchListViewController.swift in Sources */,
				DCADC928288555C800C496DD /* SearchResultsViewController.swift in Sources */,
				DCADC9242885559D00C496DD /* TopStoriesNewsViewController.swift in Sources */,
				DCADC92A2885619300C496DD /* APICaller.swift in Sources */,
				DCADC9302886BA5800C496DD /* Extension.swift in Sources */,
				DCADC90A288554BB00C496DD /* AppDelegate.swift in Sources */,
				DCADC93428881DA400C496DD /* SearchResponse.swift in Sources */,
				DCADC926288555B300C496DD /* StockDetailsViewController.swift in Sources */,
				DCADC90C288554BB00C496DD /* SceneDelegate.swift in Sources */,
				DCADC92C2885619F00C496DD /* PersistanceManager.swift in Sources */,
			);
			runOnlyForDeploymentPostprocessing = 0;
		};
/* End PBXSourcesBuildPhase section */

/* Begin PBXVariantGroup section */
		DCADC914288554BF00C496DD /* LaunchScreen.storyboard */ = {
			isa = PBXVariantGroup;
			children = (
				DCADC915288554BF00C496DD /* Base */,
			);
			name = LaunchScreen.storyboard;
			sourceTree = "<group>";
		};
/* End PBXVariantGroup section */

/* Begin XCBuildConfiguration section */
		DCADC918288554BF00C496DD /* Debug */ = {
			isa = XCBuildConfiguration;
			buildSettings = {
				ALWAYS_SEARCH_USER_PATHS = NO;
				CLANG_ANALYZER_NONNULL = YES;
				CLANG_ANALYZER_NUMBER_OBJECT_CONVERSION = YES_AGGRESSIVE;
				CLANG_CXX_LANGUAGE_STANDARD = "gnu++17";
				CLANG_CXX_LIBRARY = "libc++";
				CLANG_ENABLE_MODULES = YES;
				CLANG_ENABLE_OBJC_ARC = YES;
				CLANG_ENABLE_OBJC_WEAK = YES;
				CLANG_WARN_BLOCK_CAPTURE_AUTORELEASING = YES;
				CLANG_WARN_BOOL_CONVERSION = YES;
				CLANG_WARN_COMMA = YES;
				CLANG_WARN_CONSTANT_CONVERSION = YES;
				CLANG_WARN_DEPRECATED_OBJC_IMPLEMENTATIONS = YES;
				CLANG_WARN_DIRECT_OBJC_ISA_USAGE = YES_ERROR;
				CLANG_WARN_DOCUMENTATION_COMMENTS = YES;
				CLANG_WARN_EMPTY_BODY = YES;
				CLANG_WARN_ENUM_CONVERSION = YES;
				CLANG_WARN_INFINITE_RECURSION = YES;
				CLANG_WARN_INT_CONVERSION = YES;
				CLANG_WARN_NON_LITERAL_NULL_CONVERSION = YES;
				CLANG_WARN_OBJC_IMPLICIT_RETAIN_SELF = YES;
				CLANG_WARN_OBJC_LITERAL_CONVERSION = YES;
				CLANG_WARN_OBJC_ROOT_CLASS = YES_ERROR;
				CLANG_WARN_QUOTED_INCLUDE_IN_FRAMEWORK_HEADER = YES;
				CLANG_WARN_RANGE_LOOP_ANALYSIS = YES;
				CLANG_WARN_STRICT_PROTOTYPES = YES;
				CLANG_WARN_SUSPICIOUS_MOVE = YES;
				CLANG_WARN_UNGUARDED_AVAILABILITY = YES_AGGRESSIVE;
				CLANG_WARN_UNREACHABLE_CODE = YES;
				CLANG_WARN__DUPLICATE_METHOD_MATCH = YES;
				COPY_PHASE_STRIP = NO;
				DEBUG_INFORMATION_FORMAT = dwarf;
				ENABLE_STRICT_OBJC_MSGSEND = YES;
				ENABLE_TESTABILITY = YES;
				GCC_C_LANGUAGE_STANDARD = gnu11;
				GCC_DYNAMIC_NO_PIC = NO;
				GCC_NO_COMMON_BLOCKS = YES;
				GCC_OPTIMIZATION_LEVEL = 0;
				GCC_PREPROCESSOR_DEFINITIONS = (
					"DEBUG=1",
					"$(inherited)",
				);
				GCC_WARN_64_TO_32_BIT_CONVERSION = YES;
				GCC_WARN_ABOUT_RETURN_TYPE = YES_ERROR;
				GCC_WARN_UNDECLARED_SELECTOR = YES;
				GCC_WARN_UNINITIALIZED_AUTOS = YES_AGGRESSIVE;
				GCC_WARN_UNUSED_FUNCTION = YES;
				GCC_WARN_UNUSED_VARIABLE = YES;
				IPHONEOS_DEPLOYMENT_TARGET = 15.2;
				MTL_ENABLE_DEBUG_INFO = INCLUDE_SOURCE;
				MTL_FAST_MATH = YES;
				ONLY_ACTIVE_ARCH = YES;
				SDKROOT = iphoneos;
				SWIFT_ACTIVE_COMPILATION_CONDITIONS = DEBUG;
				SWIFT_OPTIMIZATION_LEVEL = "-Onone";
			};
			name = Debug;
		};
		DCADC919288554BF00C496DD /* Release */ = {
			isa = XCBuildConfiguration;
			buildSettings = {
				ALWAYS_SEARCH_USER_PATHS = NO;
				CLANG_ANALYZER_NONNULL = YES;
				CLANG_ANALYZER_NUMBER_OBJECT_CONVERSION = YES_AGGRESSIVE;
				CLANG_CXX_LANGUAGE_STANDARD = "gnu++17";
				CLANG_CXX_LIBRARY = "libc++";
				CLANG_ENABLE_MODULES = YES;
				CLANG_ENABLE_OBJC_ARC = YES;
				CLANG_ENABLE_OBJC_WEAK = YES;
				CLANG_WARN_BLOCK_CAPTURE_AUTORELEASING = YES;
				CLANG_WARN_BOOL_CONVERSION = YES;
				CLANG_WARN_COMMA = YES;
				CLANG_WARN_CONSTANT_CONVERSION = YES;
				CLANG_WARN_DEPRECATED_OBJC_IMPLEMENTATIONS = YES;
				CLANG_WARN_DIRECT_OBJC_ISA_USAGE = YES_ERROR;
				CLANG_WARN_DOCUMENTATION_COMMENTS = YES;
				CLANG_WARN_EMPTY_BODY = YES;
				CLANG_WARN_ENUM_CONVERSION = YES;
				CLANG_WARN_INFINITE_RECURSION = YES;
				CLANG_WARN_INT_CONVERSION = YES;
				CLANG_WARN_NON_LITERAL_NULL_CONVERSION = YES;
				CLANG_WARN_OBJC_IMPLICIT_RETAIN_SELF = YES;
				CLANG_WARN_OBJC_LITERAL_CONVERSION = YES;
				CLANG_WARN_OBJC_ROOT_CLASS = YES_ERROR;
				CLANG_WARN_QUOTED_INCLUDE_IN_FRAMEWORK_HEADER = YES;
				CLANG_WARN_RANGE_LOOP_ANALYSIS = YES;
				CLANG_WARN_STRICT_PROTOTYPES = YES;
				CLANG_WARN_SUSPICIOUS_MOVE = YES;
				CLANG_WARN_UNGUARDED_AVAILABILITY = YES_AGGRESSIVE;
				CLANG_WARN_UNREACHABLE_CODE = YES;
				CLANG_WARN__DUPLICATE_METHOD_MATCH = YES;
				COPY_PHASE_STRIP = NO;
				DEBUG_INFORMATION_FORMAT = "dwarf-with-dsym";
				ENABLE_NS_ASSERTIONS = NO;
				ENABLE_STRICT_OBJC_MSGSEND = YES;
				GCC_C_LANGUAGE_STANDARD = gnu11;
				GCC_NO_COMMON_BLOCKS = YES;
				GCC_WARN_64_TO_32_BIT_CONVERSION = YES;
				GCC_WARN_ABOUT_RETURN_TYPE = YES_ERROR;
				GCC_WARN_UNDECLARED_SELECTOR = YES;
				GCC_WARN_UNINITIALIZED_AUTOS = YES_AGGRESSIVE;
				GCC_WARN_UNUSED_FUNCTION = YES;
				GCC_WARN_UNUSED_VARIABLE = YES;
				IPHONEOS_DEPLOYMENT_TARGET = 15.2;
				MTL_ENABLE_DEBUG_INFO = NO;
				MTL_FAST_MATH = YES;
				SDKROOT = iphoneos;
				SWIFT_COMPILATION_MODE = wholemodule;
				SWIFT_OPTIMIZATION_LEVEL = "-O";
				VALIDATE_PRODUCT = YES;
			};
			name = Release;
		};
		DCADC91B288554BF00C496DD /* Debug */ = {
			isa = XCBuildConfiguration;
			baseConfigurationReference = A12DBE1C1FB8D50313A886AB /* Pods-Apple Stocks.debug.xcconfig */;
			buildSettings = {
				ASSETCATALOG_COMPILER_APPICON_NAME = AppIcon;
				ASSETCATALOG_COMPILER_GLOBAL_ACCENT_COLOR_NAME = AccentColor;
				CODE_SIGN_STYLE = Automatic;
				CURRENT_PROJECT_VERSION = 1;
				DEVELOPMENT_TEAM = 9786TSAYF2;
				GENERATE_INFOPLIST_FILE = YES;
				INFOPLIST_FILE = "Apple Stocks/Info.plist";
				INFOPLIST_KEY_UIApplicationSupportsIndirectInputEvents = YES;
				INFOPLIST_KEY_UILaunchStoryboardName = LaunchScreen;
				INFOPLIST_KEY_UISupportedInterfaceOrientations = UIInterfaceOrientationPortrait;
				INFOPLIST_KEY_UISupportedInterfaceOrientations_iPad = "UIInterfaceOrientationPortrait UIInterfaceOrientationPortraitUpsideDown UIInterfaceOrientationLandscapeLeft UIInterfaceOrientationLandscapeRight";
				INFOPLIST_KEY_UISupportedInterfaceOrientations_iPhone = "UIInterfaceOrientationPortrait UIInterfaceOrientationLandscapeLeft UIInterfaceOrientationLandscapeRight";
				IPHONEOS_DEPLOYMENT_TARGET = 13.0;
				LD_RUNPATH_SEARCH_PATHS = (
					"$(inherited)",
					"@executable_path/Frameworks",
				);
				MARKETING_VERSION = 1.0;
				PRODUCT_BUNDLE_IDENTIFIER = "Kamonpan.Apple-Stocks";
				PRODUCT_NAME = "$(TARGET_NAME)";
				SWIFT_EMIT_LOC_STRINGS = YES;
				SWIFT_VERSION = 5.0;
				TARGETED_DEVICE_FAMILY = 1;
			};
			name = Debug;
		};
		DCADC91C288554BF00C496DD /* Release */ = {
			isa = XCBuildConfiguration;
			baseConfigurationReference = C05A884E10108BD0AB793EB9 /* Pods-Apple Stocks.release.xcconfig */;
			buildSettings = {
				ASSETCATALOG_COMPILER_APPICON_NAME = AppIcon;
				ASSETCATALOG_COMPILER_GLOBAL_ACCENT_COLOR_NAME = AccentColor;
				CODE_SIGN_STYLE = Automatic;
				CURRENT_PROJECT_VERSION = 1;
				DEVELOPMENT_TEAM = 9786TSAYF2;
				GENERATE_INFOPLIST_FILE = YES;
				INFOPLIST_FILE = "Apple Stocks/Info.plist";
				INFOPLIST_KEY_UIApplicationSupportsIndirectInputEvents = YES;
				INFOPLIST_KEY_UILaunchStoryboardName = LaunchScreen;
				INFOPLIST_KEY_UISupportedInterfaceOrientations = UIInterfaceOrientationPortrait;
				INFOPLIST_KEY_UISupportedInterfaceOrientations_iPad = "UIInterfaceOrientationPortrait UIInterfaceOrientationPortraitUpsideDown UIInterfaceOrientationLandscapeLeft UIInterfaceOrientationLandscapeRight";
				INFOPLIST_KEY_UISupportedInterfaceOrientations_iPhone = "UIInterfaceOrientationPortrait UIInterfaceOrientationLandscapeLeft UIInterfaceOrientationLandscapeRight";
				IPHONEOS_DEPLOYMENT_TARGET = 13.0;
				LD_RUNPATH_SEARCH_PATHS = (
					"$(inherited)",
					"@executable_path/Frameworks",
				);
				MARKETING_VERSION = 1.0;
				PRODUCT_BUNDLE_IDENTIFIER = "Kamonpan.Apple-Stocks";
				PRODUCT_NAME = "$(TARGET_NAME)";
				SWIFT_EMIT_LOC_STRINGS = YES;
				SWIFT_VERSION = 5.0;
				TARGETED_DEVICE_FAMILY = 1;
			};
			name = Release;
		};
/* End XCBuildConfiguration section */

/* Begin XCConfigurationList section */
		DCADC901288554BB00C496DD /* Build configuration list for PBXProject "Apple Stocks" */ = {
			isa = XCConfigurationList;
			buildConfigurations = (
				DCADC918288554BF00C496DD /* Debug */,
				DCADC919288554BF00C496DD /* Release */,
			);
			defaultConfigurationIsVisible = 0;
			defaultConfigurationName = Release;
		};
		DCADC91A288554BF00C496DD /* Build configuration list for PBXNativeTarget "Apple Stocks" */ = {
			isa = XCConfigurationList;
			buildConfigurations = (
				DCADC91B288554BF00C496DD /* Debug */,
				DCADC91C288554BF00C496DD /* Release */,
			);
			defaultConfigurationIsVisible = 0;
			defaultConfigurationName = Release;
		};
/* End XCConfigurationList section */
	};
	rootObject = DCADC8FE288554BB00C496DD /* Project object */;
}
